
Microsoft Visual Studio Solution File, Format Version 12.00
# Visual Studio Version 17
VisualStudioVersion = 17.13.35818.85 d17.13
MinimumVisualStudioVersion = 10.0.40219.1
Project("{FAE04EC0-301F-11D3-BF4B-00C04F79EFBC}") = "poePROG6221", "poePROG6221\poePROG6221.csproj", "{13128259-9DAB-4CB9-B4CD-80F057D4E2BD}"
EndProject
Global
	GlobalSection(SolutionConfigurationPlatforms) = preSolution
		Debug|Any CPU = Debug|Any CPU
		Release|Any CPU = Release|Any CPU
	EndGlobalSection
	GlobalSection(ProjectConfigurationPlatforms) = postSolution
		{13128259-9DAB-4CB9-B4CD-80F057D4E2BD}.Debug|Any CPU.ActiveCfg = Debug|Any CPU
		{13128259-9DAB-4CB9-B4CD-80F057D4E2BD}.Debug|Any CPU.Build.0 = Debug|Any CPU
		{13128259-9DAB-4CB9-B4CD-80F057D4E2BD}.Release|Any CPU.ActiveCfg = Release|Any CPU
		{13128259-9DAB-4CB9-B4CD-80F057D4E2BD}.Release|Any CPU.Build.0 = Release|Any CPU
	EndGlobalSection
	GlobalSection(SolutionProperties) = preSolution
		HideSolutionNode = FALSE
	EndGlobalSection
	GlobalSection(ExtensibilityGlobals) = postSolution
		SolutionGuid = {14F9BE1C-9C68-4C18-B465-7FD0407F94C6}
	EndGlobalSection
EndGlobal
